
Microsoft Visual Studio Solution File, Format Version 12.00
# Visual Studio 2013
VisualStudioVersion = 12.0.40629.0
MinimumVisualStudioVersion = 10.0.40219.1
Project("{FAE04EC0-301F-11D3-BF4B-00C04F79EFBC}") = "VideoBooth", "VideoBooth\VideoBooth.csproj", "{6B9D8341-3403-468A-AD27-B58546A186E5}"
EndProject
Project("{FAE04EC0-301F-11D3-BF4B-00C04F79EFBC}") = "Core", "Core\Core.csproj", "{57C923BD-3C5F-4934-9059-D446178D12F0}"
EndProject
Project("{FAE04EC0-301F-11D3-BF4B-00C04F79EFBC}") = "Data", "Data\Data.csproj", "{0926AD2C-E9A0-4C49-B947-09E56CEBE2DF}"
EndProject
Project("{FAE04EC0-301F-11D3-BF4B-00C04F79EFBC}") = "Models", "Models\Models.csproj", "{F82BEBAB-C4A9-4E12-B6D3-77FBC7CD7349}"
EndProject
Global
	GlobalSection(SolutionConfigurationPlatforms) = preSolution
		Debug|Any CPU = Debug|Any CPU
		Release|Any CPU = Release|Any CPU
	EndGlobalSection
	GlobalSection(ProjectConfigurationPlatforms) = postSolution
		{6B9D8341-3403-468A-AD27-B58546A186E5}.Debug|Any CPU.ActiveCfg = Debug|Any CPU
		{6B9D8341-3403-468A-AD27-B58546A186E5}.Debug|Any CPU.Build.0 = Debug|Any CPU
		{6B9D8341-3403-468A-AD27-B58546A186E5}.Release|Any CPU.ActiveCfg = Release|Any CPU
		{6B9D8341-3403-468A-AD27-B58546A186E5}.Release|Any CPU.Build.0 = Release|Any CPU
		{57C923BD-3C5F-4934-9059-D446178D12F0}.Debug|Any CPU.ActiveCfg = Debug|Any CPU
		{57C923BD-3C5F-4934-9059-D446178D12F0}.Debug|Any CPU.Build.0 = Debug|Any CPU
		{57C923BD-3C5F-4934-9059-D446178D12F0}.Release|Any CPU.ActiveCfg = Release|Any CPU
		{57C923BD-3C5F-4934-9059-D446178D12F0}.Release|Any CPU.Build.0 = Release|Any CPU
		{0926AD2C-E9A0-4C49-B947-09E56CEBE2DF}.Debug|Any CPU.ActiveCfg = Debug|Any CPU
		{0926AD2C-E9A0-4C49-B947-09E56CEBE2DF}.Debug|Any CPU.Build.0 = Debug|Any CPU
		{0926AD2C-E9A0-4C49-B947-09E56CEBE2DF}.Release|Any CPU.ActiveCfg = Release|Any CPU
		{0926AD2C-E9A0-4C49-B947-09E56CEBE2DF}.Release|Any CPU.Build.0 = Release|Any CPU
		{F82BEBAB-C4A9-4E12-B6D3-77FBC7CD7349}.Debug|Any CPU.ActiveCfg = Debug|Any CPU
		{F82BEBAB-C4A9-4E12-B6D3-77FBC7CD7349}.Debug|Any CPU.Build.0 = Debug|Any CPU
		{F82BEBAB-C4A9-4E12-B6D3-77FBC7CD7349}.Release|Any CPU.ActiveCfg = Release|Any CPU
		{F82BEBAB-C4A9-4E12-B6D3-77FBC7CD7349}.Release|Any CPU.Build.0 = Release|Any CPU
	EndGlobalSection
	GlobalSection(SolutionProperties) = preSolution
		HideSolutionNode = FALSE
	EndGlobalSection
EndGlobal
